
Microsoft Visual Studio Solution File, Format Version 12.00
# Visual Studio Version 17
VisualStudioVersion = 17.10.35013.160
MinimumVisualStudioVersion = 10.0.40219.1
Project("{9A19103F-16F7-4668-BE54-9A1E7A4F7556}") = "SmokehousePatterns", "SmokehousePatterns.csproj", "{6CF8D6C6-A648-456F-9905-A5AFD5749CAA}"
EndProject
Global
	GlobalSection(SolutionConfigurationPlatforms) = preSolution
		Debug|Any CPU = Debug|Any CPU
		Release|Any CPU = Release|Any CPU
	EndGlobalSection
	GlobalSection(ProjectConfigurationPlatforms) = postSolution
		{6CF8D6C6-A648-456F-9905-A5AFD5749CAA}.Debug|Any CPU.ActiveCfg = Debug|Any CPU
		{6CF8D6C6-A648-456F-9905-A5AFD5749CAA}.Debug|Any CPU.Build.0 = Debug|Any CPU
		{6CF8D6C6-A648-456F-9905-A5AFD5749CAA}.Release|Any CPU.ActiveCfg = Release|Any CPU
		{6CF8D6C6-A648-456F-9905-A5AFD5749CAA}.Release|Any CPU.Build.0 = Release|Any CPU
	EndGlobalSection
	GlobalSection(SolutionProperties) = preSolution
		HideSolutionNode = FALSE
	EndGlobalSection
	GlobalSection(ExtensibilityGlobals) = postSolution
		SolutionGuid = {C1864E84-0868-49BA-93B5-9F4B066FE568}
	EndGlobalSection
EndGlobal
