Microsoft Visual Studio Solution File, Format Version 12.00
# Visual Studio Version 17
VisualStudioVersion = 17.10.35013.160
MinimumVisualStudioVersion = 10.0.40219.1
Project("{9A19103F-16F7-4668-BE54-9A1E7A4F7556}") = "BacklashBot", "BacklashBot.csproj", "{F94FB297-82C7-430F-8200-DE0E6D1FD148}"
EndProject
Project("{9A19103F-16F7-4668-BE54-9A1E7A4F7556}") = "KalshiBotAPI", "..\KalshiBotAPI\KalshiBotAPI.csproj", "{00193D5F-9F22-4693-9C30-9A4B766129F0}"
EndProject
Project("{FAE04EC0-301F-11D3-BF4B-00C04F79EFBC}") = "BacklashBotData", "..\BacklashBotData\BacklashBotData.csproj", "{FF123049-8B01-4626-B76C-E14FD2598C5A}"
EndProject
Project("{9A19103F-16F7-4668-BE54-9A1E7A4F7556}") = "BacklashDTOs", "..\BacklashDTOs\BacklashDTOs.csproj", "{8A84CDB4-160B-4FE4-88C2-68223D68C245}"
EndProject
Project("{9A19103F-16F7-4668-BE54-9A1E7A4F7556}") = "BacklashInterfaces", "..\BacklashInterfaces\BacklashInterfaces.csproj", "{8DB07D0B-A55A-4594-A83B-B8728F43B4D3}"
EndProject
Project("{9A19103F-16F7-4668-BE54-9A1E7A4F7556}") = "TradingStrategies", "..\TradingStrategies\TradingStrategies.csproj", "{428D98FB-D9B5-43FC-94F2-7982C938171F}"
EndProject
Project("{9A19103F-16F7-4668-BE54-9A1E7A4F7556}") = "BacklashBotLogging", "..\BacklashBotLogging\BacklashBotLogging.csproj", "{002F3807-EFDF-46EB-A43D-9457E2FE2431}"
EndProject
Project("{9A19103F-16F7-4668-BE54-9A1E7A4F7556}") = "BacklashCommon", "..\BacklashCommon\BacklashCommon.csproj", "{9A84CDB4-160B-4FE4-88C2-68223D68C246}"
EndProject
Global
	GlobalSection(SolutionConfigurationPlatforms) = preSolution
		Debug|Any CPU = Debug|Any CPU
		Release|Any CPU = Release|Any CPU
	EndGlobalSection
	GlobalSection(ProjectConfigurationPlatforms) = postSolution
		{F94FB297-82C7-430F-8200-DE0E6D1FD148}.Debug|Any CPU.ActiveCfg = Debug|Any CPU
		{F94FB297-82C7-430F-8200-DE0E6D1FD148}.Debug|Any CPU.Build.0 = Debug|Any CPU
		{F94FB297-82C7-430F-8200-DE0E6D1FD148}.Release|Any CPU.ActiveCfg = Release|Any CPU
		{F94FB297-82C7-430F-8200-DE0E6D1FD148}.Release|Any CPU.Build.0 = Release|Any CPU
		{00193D5F-9F22-4693-9C30-9A4B766129F0}.Debug|Any CPU.ActiveCfg = Debug|Any CPU
		{00193D5F-9F22-4693-9C30-9A4B766129F0}.Debug|Any CPU.Build.0 = Debug|Any CPU
		{00193D5F-9F22-4693-9C30-9A4B766129F0}.Release|Any CPU.ActiveCfg = Release|Any CPU
		{00193D5F-9F22-4693-9C30-9A4B766129F0}.Release|Any CPU.Build.0 = Release|Any CPU
		{FF123049-8B01-4626-B76C-E14FD2598C5A}.Debug|Any CPU.ActiveCfg = Debug|Any CPU
		{FF123049-8B01-4626-B76C-E14FD2598C5A}.Debug|Any CPU.Build.0 = Debug|Any CPU
		{FF123049-8B01-4626-B76C-E14FD2598C5A}.Release|Any CPU.ActiveCfg = Release|Any CPU
		{FF123049-8B01-4626-B76C-E14FD2598C5A}.Release|Any CPU.Build.0 = Release|Any CPU
		{8A84CDB4-160B-4FE4-88C2-68223D68C245}.Debug|Any CPU.ActiveCfg = Debug|Any CPU
		{8A84CDB4-160B-4FE4-88C2-68223D68C245}.Debug|Any CPU.Build.0 = Debug|Any CPU
		{8A84CDB4-160B-4FE4-88C2-68223D68C245}.Release|Any CPU.ActiveCfg = Release|Any CPU
		{8A84CDB4-160B-4FE4-88C2-68223D68C245}.Release|Any CPU.Build.0 = Release|Any CPU
		{8DB07D0B-A55A-4594-A83B-B8728F43B4D3}.Debug|Any CPU.ActiveCfg = Debug|Any CPU
		{8DB07D0B-A55A-4594-A83B-B8728F43B4D3}.Debug|Any CPU.Build.0 = Debug|Any CPU
		{8DB07D0B-A55A-4594-A83B-B8728F43B4D3}.Release|Any CPU.ActiveCfg = Release|Any CPU
		{8DB07D0B-A55A-4594-A83B-B8728F43B4D3}.Release|Any CPU.Build.0 = Release|Any CPU
		{428D98FB-D9B5-43FC-94F2-7982C938171F}.Debug|Any CPU.ActiveCfg = Debug|Any CPU
		{428D98FB-D9B5-43FC-94F2-7982C938171F}.Debug|Any CPU.Build.0 = Debug|Any CPU
		{428D98FB-D9B5-43FC-94F2-7982C938171F}.Release|Any CPU.ActiveCfg = Release|Any CPU
		{428D98FB-D9B5-43FC-94F2-7982C938171F}.Release|Any CPU.Build.0 = Release|Any CPU
		{002F3807-EFDF-46EB-A43D-9457E2FE2431}.Debug|Any CPU.ActiveCfg = Debug|Any CPU
		{002F3807-EFDF-46EB-A43D-9457E2FE2431}.Debug|Any CPU.Build.0 = Debug|Any CPU
		{002F3807-EFDF-46EB-A43D-9457E2FE2431}.Release|Any CPU.ActiveCfg = Release|Any CPU
		{002F3807-EFDF-46EB-A43D-9457E2FE2431}.Release|Any CPU.Build.0 = Release|Any CPU
		{9A84CDB4-160B-4FE4-88C2-68223D68C246}.Debug|Any CPU.ActiveCfg = Debug|Any CPU
		{9A84CDB4-160B-4FE4-88C2-68223D68C246}.Debug|Any CPU.Build.0 = Debug|Any CPU
		{9A84CDB4-160B-4FE4-88C2-68223D68C246}.Release|Any CPU.ActiveCfg = Release|Any CPU
		{9A84CDB4-160B-4FE4-88C2-68223D68C246}.Release|Any CPU.Build.0 = Release|Any CPU
	EndGlobalSection
	GlobalSection(SolutionProperties) = preSolution
		HideSolutionNode = FALSE
	EndGlobalSection
	GlobalSection(ExtensibilityGlobals) = postSolution
		SolutionGuid = {7C61AE43-1202-4F7B-BBC8-CCF598B1989B}
	EndGlobalSection
EndGlobal
